
Microsoft Visual Studio Solution File, Format Version 12.00
# Visual Studio 16
Project("{FAE04EC0-301F-11D3-BF4B-00C04F79EFBC}") = "Assembly-CSharp", "Assembly-CSharp.csproj", "{0ECCA1EA-17AA-5C90-5009-DB7F5542C852}"
EndProject
Project("{FAE04EC0-301F-11D3-BF4B-00C04F79EFBC}") = "Assembly-CSharp-Editor-firstpass", "Assembly-CSharp-Editor-firstpass.csproj", "{862958B9-4223-648B-2353-8DD45C762348}"
EndProject
Global
	GlobalSection(SolutionConfigurationPlatforms) = preSolution
		Debug|Any CPU = Debug|Any CPU
		Release|Any CPU = Release|Any CPU
	EndGlobalSection
	GlobalSection(ProjectConfigurationPlatforms) = postSolution
		{0ECCA1EA-17AA-5C90-5009-DB7F5542C852}.Debug|Any CPU.ActiveCfg = Debug|Any CPU
		{0ECCA1EA-17AA-5C90-5009-DB7F5542C852}.Debug|Any CPU.Build.0 = Debug|Any CPU
		{0ECCA1EA-17AA-5C90-5009-DB7F5542C852}.Release|Any CPU.ActiveCfg = Release|Any CPU
		{0ECCA1EA-17AA-5C90-5009-DB7F5542C852}.Release|Any CPU.Build.0 = Release|Any CPU
		{862958B9-4223-648B-2353-8DD45C762348}.Debug|Any CPU.ActiveCfg = Debug|Any CPU
		{862958B9-4223-648B-2353-8DD45C762348}.Debug|Any CPU.Build.0 = Debug|Any CPU
		{862958B9-4223-648B-2353-8DD45C762348}.Release|Any CPU.ActiveCfg = Release|Any CPU
		{862958B9-4223-648B-2353-8DD45C762348}.Release|Any CPU.Build.0 = Release|Any CPU
	EndGlobalSection
	GlobalSection(SolutionProperties) = preSolution
		HideSolutionNode = FALSE
	EndGlobalSection
EndGlobal
